
Microsoft Visual Studio Solution File, Format Version 12.00
# Visual Studio Version 17
VisualStudioVersion = 17.1.32210.238
MinimumVisualStudioVersion = 10.0.40219.1
Project("{FAE04EC0-301F-11D3-BF4B-00C04F79EFBC}") = "MyProject", "MyProject\MyProject.csproj", "{5DE42FFB-CDFE-4654-B5A2-B096A2C172F4}"
EndProject
Global
	GlobalSection(SolutionConfigurationPlatforms) = preSolution
		Debug|Any CPU = Debug|Any CPU
		Release|Any CPU = Release|Any CPU
	EndGlobalSection
	GlobalSection(ProjectConfigurationPlatforms) = postSolution
		{5DE42FFB-CDFE-4654-B5A2-B096A2C172F4}.Debug|Any CPU.ActiveCfg = Debug|Any CPU
		{5DE42FFB-CDFE-4654-B5A2-B096A2C172F4}.Debug|Any CPU.Build.0 = Debug|Any CPU
		{5DE42FFB-CDFE-4654-B5A2-B096A2C172F4}.Release|Any CPU.ActiveCfg = Release|Any CPU
		{5DE42FFB-CDFE-4654-B5A2-B096A2C172F4}.Release|Any CPU.Build.0 = Release|Any CPU
	EndGlobalSection
	GlobalSection(SolutionProperties) = preSolution
		HideSolutionNode = FALSE
	EndGlobalSection
	GlobalSection(ExtensibilityGlobals) = postSolution
		SolutionGuid = {E8EBC194-37FB-451C-9730-EEDFD31A5EA4}
	EndGlobalSection
EndGlobal
